
Microsoft Visual Studio Solution File, Format Version 12.00
# Visual Studio Version 16
VisualStudioVersion = 16.0.30907.101
MinimumVisualStudioVersion = 10.0.40219.1
Project("{FAE04EC0-301F-11D3-BF4B-00C04F79EFBC}") = "Mediator", "Mediator.csproj", "{5FD5F190-F7CC-40A5-B629-974E1EBE9EB8}"
EndProject
Global
	GlobalSection(SolutionConfigurationPlatforms) = preSolution
		Debug|Any CPU = Debug|Any CPU
		Release|Any CPU = Release|Any CPU
	EndGlobalSection
	GlobalSection(ProjectConfigurationPlatforms) = postSolution
		{5FD5F190-F7CC-40A5-B629-974E1EBE9EB8}.Debug|Any CPU.ActiveCfg = Debug|Any CPU
		{5FD5F190-F7CC-40A5-B629-974E1EBE9EB8}.Debug|Any CPU.Build.0 = Debug|Any CPU
		{5FD5F190-F7CC-40A5-B629-974E1EBE9EB8}.Release|Any CPU.ActiveCfg = Release|Any CPU
		{5FD5F190-F7CC-40A5-B629-974E1EBE9EB8}.Release|Any CPU.Build.0 = Release|Any CPU
	EndGlobalSection
	GlobalSection(SolutionProperties) = preSolution
		HideSolutionNode = FALSE
	EndGlobalSection
	GlobalSection(ExtensibilityGlobals) = postSolution
		SolutionGuid = {DBE1EFDA-6BAC-483A-8471-A72D9D32B876}
	EndGlobalSection
EndGlobal
