
Microsoft Visual Studio Solution File, Format Version 12.00
# Visual Studio Version 16
VisualStudioVersion = 16.0.30907.101
MinimumVisualStudioVersion = 10.0.40219.1
Project("{FAE04EC0-301F-11D3-BF4B-00C04F79EFBC}") = "Practice Case Study", "Practice Case Study.csproj", "{C05A0A12-1DF9-4BDA-BA0E-520AA3D5EA91}"
EndProject
Global
	GlobalSection(SolutionConfigurationPlatforms) = preSolution
		Debug|Any CPU = Debug|Any CPU
		Release|Any CPU = Release|Any CPU
	EndGlobalSection
	GlobalSection(ProjectConfigurationPlatforms) = postSolution
		{C05A0A12-1DF9-4BDA-BA0E-520AA3D5EA91}.Debug|Any CPU.ActiveCfg = Debug|Any CPU
		{C05A0A12-1DF9-4BDA-BA0E-520AA3D5EA91}.Debug|Any CPU.Build.0 = Debug|Any CPU
		{C05A0A12-1DF9-4BDA-BA0E-520AA3D5EA91}.Release|Any CPU.ActiveCfg = Release|Any CPU
		{C05A0A12-1DF9-4BDA-BA0E-520AA3D5EA91}.Release|Any CPU.Build.0 = Release|Any CPU
	EndGlobalSection
	GlobalSection(SolutionProperties) = preSolution
		HideSolutionNode = FALSE
	EndGlobalSection
	GlobalSection(ExtensibilityGlobals) = postSolution
		SolutionGuid = {EDD00C9D-5187-4DE5-8292-42E8A9B7AA6A}
	EndGlobalSection
EndGlobal
