
Microsoft Visual Studio Solution File, Format Version 12.00
# Visual Studio Version 16
VisualStudioVersion = 16.0.30907.101
MinimumVisualStudioVersion = 10.0.40219.1
Project("{FAE04EC0-301F-11D3-BF4B-00C04F79EFBC}") = "Day1_handson(SRP)", "Day1_handson(SRP).csproj", "{AE627B50-8E6E-473C-AB55-B9BE5157BEDF}"
EndProject
Global
	GlobalSection(SolutionConfigurationPlatforms) = preSolution
		Debug|Any CPU = Debug|Any CPU
		Release|Any CPU = Release|Any CPU
	EndGlobalSection
	GlobalSection(ProjectConfigurationPlatforms) = postSolution
		{AE627B50-8E6E-473C-AB55-B9BE5157BEDF}.Debug|Any CPU.ActiveCfg = Debug|Any CPU
		{AE627B50-8E6E-473C-AB55-B9BE5157BEDF}.Debug|Any CPU.Build.0 = Debug|Any CPU
		{AE627B50-8E6E-473C-AB55-B9BE5157BEDF}.Release|Any CPU.ActiveCfg = Release|Any CPU
		{AE627B50-8E6E-473C-AB55-B9BE5157BEDF}.Release|Any CPU.Build.0 = Release|Any CPU
	EndGlobalSection
	GlobalSection(SolutionProperties) = preSolution
		HideSolutionNode = FALSE
	EndGlobalSection
	GlobalSection(ExtensibilityGlobals) = postSolution
		SolutionGuid = {D6CD44C6-D1D1-4186-939D-7B1CC8FDD11A}
	EndGlobalSection
EndGlobal
