
Microsoft Visual Studio Solution File, Format Version 12.00
# Visual Studio Version 16
VisualStudioVersion = 16.0.30907.101
MinimumVisualStudioVersion = 10.0.40219.1
Project("{FAE04EC0-301F-11D3-BF4B-00C04F79EFBC}") = "UITruyum", "UITruyum\UITruyum.csproj", "{8DFE0916-7AE9-4AEF-86C1-371E6F2303A3}"
EndProject
Global
	GlobalSection(SolutionConfigurationPlatforms) = preSolution
		Debug|Any CPU = Debug|Any CPU
		Release|Any CPU = Release|Any CPU
	EndGlobalSection
	GlobalSection(ProjectConfigurationPlatforms) = postSolution
		{8DFE0916-7AE9-4AEF-86C1-371E6F2303A3}.Debug|Any CPU.ActiveCfg = Debug|Any CPU
		{8DFE0916-7AE9-4AEF-86C1-371E6F2303A3}.Debug|Any CPU.Build.0 = Debug|Any CPU
		{8DFE0916-7AE9-4AEF-86C1-371E6F2303A3}.Release|Any CPU.ActiveCfg = Release|Any CPU
		{8DFE0916-7AE9-4AEF-86C1-371E6F2303A3}.Release|Any CPU.Build.0 = Release|Any CPU
	EndGlobalSection
	GlobalSection(SolutionProperties) = preSolution
		HideSolutionNode = FALSE
	EndGlobalSection
	GlobalSection(ExtensibilityGlobals) = postSolution
		SolutionGuid = {D336C96C-3F6D-4941-9168-9727874BD8E9}
	EndGlobalSection
EndGlobal
