
Microsoft Visual Studio Solution File, Format Version 12.00
# Visual Studio Version 16
VisualStudioVersion = 16.0.30907.101
MinimumVisualStudioVersion = 10.0.40219.1
Project("{FAE04EC0-301F-11D3-BF4B-00C04F79EFBC}") = "AbstractFactoryDemo", "AbstractFactoryDemo.csproj", "{1F620E23-ECC3-4E39-9B3C-BF92239AA27C}"
EndProject
Global
	GlobalSection(SolutionConfigurationPlatforms) = preSolution
		Debug|Any CPU = Debug|Any CPU
		Release|Any CPU = Release|Any CPU
	EndGlobalSection
	GlobalSection(ProjectConfigurationPlatforms) = postSolution
		{1F620E23-ECC3-4E39-9B3C-BF92239AA27C}.Debug|Any CPU.ActiveCfg = Debug|Any CPU
		{1F620E23-ECC3-4E39-9B3C-BF92239AA27C}.Debug|Any CPU.Build.0 = Debug|Any CPU
		{1F620E23-ECC3-4E39-9B3C-BF92239AA27C}.Release|Any CPU.ActiveCfg = Release|Any CPU
		{1F620E23-ECC3-4E39-9B3C-BF92239AA27C}.Release|Any CPU.Build.0 = Release|Any CPU
	EndGlobalSection
	GlobalSection(SolutionProperties) = preSolution
		HideSolutionNode = FALSE
	EndGlobalSection
	GlobalSection(ExtensibilityGlobals) = postSolution
		SolutionGuid = {5398EBBD-A444-4505-A158-E58457046DC6}
	EndGlobalSection
EndGlobal
