
Microsoft Visual Studio Solution File, Format Version 12.00
# Visual Studio Version 16
VisualStudioVersion = 16.0.30907.101
MinimumVisualStudioVersion = 10.0.40219.1
Project("{FAE04EC0-301F-11D3-BF4B-00C04F79EFBC}") = "DemoUploadImage", "DemoUploadImage.csproj", "{078527A4-6766-489B-8B63-4A0F8CD47282}"
EndProject
Global
	GlobalSection(SolutionConfigurationPlatforms) = preSolution
		Debug|Any CPU = Debug|Any CPU
		Release|Any CPU = Release|Any CPU
	EndGlobalSection
	GlobalSection(ProjectConfigurationPlatforms) = postSolution
		{078527A4-6766-489B-8B63-4A0F8CD47282}.Debug|Any CPU.ActiveCfg = Debug|Any CPU
		{078527A4-6766-489B-8B63-4A0F8CD47282}.Debug|Any CPU.Build.0 = Debug|Any CPU
		{078527A4-6766-489B-8B63-4A0F8CD47282}.Release|Any CPU.ActiveCfg = Release|Any CPU
		{078527A4-6766-489B-8B63-4A0F8CD47282}.Release|Any CPU.Build.0 = Release|Any CPU
	EndGlobalSection
	GlobalSection(SolutionProperties) = preSolution
		HideSolutionNode = FALSE
	EndGlobalSection
	GlobalSection(ExtensibilityGlobals) = postSolution
		SolutionGuid = {0B9C4230-9AD1-4DF2-A8B4-2F71FEB94553}
	EndGlobalSection
EndGlobal
