
Microsoft Visual Studio Solution File, Format Version 12.00
# Visual Studio Version 16
VisualStudioVersion = 16.0.30907.101
MinimumVisualStudioVersion = 10.0.40219.1
Project("{FAE04EC0-301F-11D3-BF4B-00C04F79EFBC}") = "Practice Case Study - II", "Practice Case Study - II.csproj", "{48DC023F-A168-4D9A-AB1C-C6E386FB6FC6}"
EndProject
Global
	GlobalSection(SolutionConfigurationPlatforms) = preSolution
		Debug|Any CPU = Debug|Any CPU
		Release|Any CPU = Release|Any CPU
	EndGlobalSection
	GlobalSection(ProjectConfigurationPlatforms) = postSolution
		{48DC023F-A168-4D9A-AB1C-C6E386FB6FC6}.Debug|Any CPU.ActiveCfg = Debug|Any CPU
		{48DC023F-A168-4D9A-AB1C-C6E386FB6FC6}.Debug|Any CPU.Build.0 = Debug|Any CPU
		{48DC023F-A168-4D9A-AB1C-C6E386FB6FC6}.Release|Any CPU.ActiveCfg = Release|Any CPU
		{48DC023F-A168-4D9A-AB1C-C6E386FB6FC6}.Release|Any CPU.Build.0 = Release|Any CPU
	EndGlobalSection
	GlobalSection(SolutionProperties) = preSolution
		HideSolutionNode = FALSE
	EndGlobalSection
	GlobalSection(ExtensibilityGlobals) = postSolution
		SolutionGuid = {437CBB7C-FAEB-49AF-B108-D8F3ECAF425B}
	EndGlobalSection
EndGlobal
