
Microsoft Visual Studio Solution File, Format Version 12.00
# Visual Studio Version 16
VisualStudioVersion = 16.0.30907.101
MinimumVisualStudioVersion = 10.0.40219.1
Project("{FAE04EC0-301F-11D3-BF4B-00C04F79EFBC}") = "ChainOfResponsibility_Demo", "ChainOfResponsibility_Demo.csproj", "{DC830E08-486F-4EEA-A6A0-125901E2DEC0}"
EndProject
Global
	GlobalSection(SolutionConfigurationPlatforms) = preSolution
		Debug|Any CPU = Debug|Any CPU
		Release|Any CPU = Release|Any CPU
	EndGlobalSection
	GlobalSection(ProjectConfigurationPlatforms) = postSolution
		{DC830E08-486F-4EEA-A6A0-125901E2DEC0}.Debug|Any CPU.ActiveCfg = Debug|Any CPU
		{DC830E08-486F-4EEA-A6A0-125901E2DEC0}.Debug|Any CPU.Build.0 = Debug|Any CPU
		{DC830E08-486F-4EEA-A6A0-125901E2DEC0}.Release|Any CPU.ActiveCfg = Release|Any CPU
		{DC830E08-486F-4EEA-A6A0-125901E2DEC0}.Release|Any CPU.Build.0 = Release|Any CPU
	EndGlobalSection
	GlobalSection(SolutionProperties) = preSolution
		HideSolutionNode = FALSE
	EndGlobalSection
	GlobalSection(ExtensibilityGlobals) = postSolution
		SolutionGuid = {84C9F082-9D81-48B5-9B5A-D1D8FB89E7C9}
	EndGlobalSection
EndGlobal
